{
  "originHash" : "3a8ca9472dcf0f3be5371f62dca43c7d1850d0411981a69d5c57c8fd518ebd0a",
  "pins" : [
    {
      "identity" : "keychainaccess",
      "kind" : "remoteSourceControl",
      "location" : "https://github.com/kishikawakatsumi/KeychainAccess",
      "state" : {
        "revision" : "84e546727d66f1adc5439debad16270d0fdd04e7",
        "version" : "4.2.2"
      }
    },
    {
      "identity" : "phonenumberkit",
      "kind" : "remoteSourceControl",
      "location" : "https://github.com/marmelroy/PhoneNumberKit.git",
      "state" : {
        "revision" : "1ef0431b971f69c48ca5eb4cdba07f2c5da54c35",
        "version" : "3.3.3"
      }
    }
  ],
  "version" : 3
}
